
Microsoft Visual Studio Solution File, Format Version 12.00
# Visual Studio Version 17
VisualStudioVersion = 17.11.35312.102
MinimumVisualStudioVersion = 10.0.40219.1
Project("{9A19103F-16F7-4668-BE54-9A1E7A4F7556}") = "DSA-Strings", "DSA-Strings\DSA-Strings.csproj", "{59B502B2-88B2-4CB3-861B-3AD19849AD63}"
EndProject
Project("{9A19103F-16F7-4668-BE54-9A1E7A4F7556}") = "DSA-Arrays", "DSA-Arrays\DSA-Arrays.csproj", "{E4ABC9EB-07D8-4775-9839-375B7464091A}"
EndProject
Project("{2150E333-8FDC-42A3-9474-1A3956D46DE8}") = "Arrays", "Arrays", "{35A1FFE5-A393-4370-9A30-8F9B132F56C7}"
EndProject
Project("{2150E333-8FDC-42A3-9474-1A3956D46DE8}") = "Strings", "Strings", "{49024E1D-FC84-4287-9C93-404D558A35C0}"
EndProject
Project("{2150E333-8FDC-42A3-9474-1A3956D46DE8}") = "LinkedList", "LinkedList", "{4ED3CEA8-C0E4-431E-8518-DF4E22CED653}"
EndProject
Project("{9A19103F-16F7-4668-BE54-9A1E7A4F7556}") = "DSA-LinkedList", "DSA-LinkedList\DSA-LinkedList.csproj", "{6D79B11D-E180-4060-9E57-64687A77AD8A}"
EndProject
Project("{2150E333-8FDC-42A3-9474-1A3956D46DE8}") = "Sorting", "Sorting", "{22D831D6-5365-4758-8E5C-83C95A1E6E4E}"
EndProject
Project("{9A19103F-16F7-4668-BE54-9A1E7A4F7556}") = "DSA-Sorting", "DSA-Sorting\DSA-Sorting.csproj", "{37BF20AF-CD75-40FA-9EF5-FFDF6C1F5C53}"
EndProject
Project("{2150E333-8FDC-42A3-9474-1A3956D46DE8}") = "Stack", "Stack", "{50B60E0B-721C-4AA1-9870-6F1FE16DF25E}"
EndProject
Project("{FAE04EC0-301F-11D3-BF4B-00C04F79EFBC}") = "DSA-Stack", "DSA-Stack\DSA-Stack.csproj", "{9F27DC03-C3C5-457E-8F0D-915EBB83F2BE}"
EndProject
Global
	GlobalSection(SolutionConfigurationPlatforms) = preSolution
		Debug|Any CPU = Debug|Any CPU
		Release|Any CPU = Release|Any CPU
	EndGlobalSection
	GlobalSection(ProjectConfigurationPlatforms) = postSolution
		{59B502B2-88B2-4CB3-861B-3AD19849AD63}.Debug|Any CPU.ActiveCfg = Debug|Any CPU
		{59B502B2-88B2-4CB3-861B-3AD19849AD63}.Debug|Any CPU.Build.0 = Debug|Any CPU
		{59B502B2-88B2-4CB3-861B-3AD19849AD63}.Release|Any CPU.ActiveCfg = Release|Any CPU
		{59B502B2-88B2-4CB3-861B-3AD19849AD63}.Release|Any CPU.Build.0 = Release|Any CPU
		{E4ABC9EB-07D8-4775-9839-375B7464091A}.Debug|Any CPU.ActiveCfg = Debug|Any CPU
		{E4ABC9EB-07D8-4775-9839-375B7464091A}.Debug|Any CPU.Build.0 = Debug|Any CPU
		{E4ABC9EB-07D8-4775-9839-375B7464091A}.Release|Any CPU.ActiveCfg = Release|Any CPU
		{E4ABC9EB-07D8-4775-9839-375B7464091A}.Release|Any CPU.Build.0 = Release|Any CPU
		{6D79B11D-E180-4060-9E57-64687A77AD8A}.Debug|Any CPU.ActiveCfg = Debug|Any CPU
		{6D79B11D-E180-4060-9E57-64687A77AD8A}.Debug|Any CPU.Build.0 = Debug|Any CPU
		{6D79B11D-E180-4060-9E57-64687A77AD8A}.Release|Any CPU.ActiveCfg = Release|Any CPU
		{6D79B11D-E180-4060-9E57-64687A77AD8A}.Release|Any CPU.Build.0 = Release|Any CPU
		{37BF20AF-CD75-40FA-9EF5-FFDF6C1F5C53}.Debug|Any CPU.ActiveCfg = Debug|Any CPU
		{37BF20AF-CD75-40FA-9EF5-FFDF6C1F5C53}.Debug|Any CPU.Build.0 = Debug|Any CPU
		{37BF20AF-CD75-40FA-9EF5-FFDF6C1F5C53}.Release|Any CPU.ActiveCfg = Release|Any CPU
		{37BF20AF-CD75-40FA-9EF5-FFDF6C1F5C53}.Release|Any CPU.Build.0 = Release|Any CPU
		{9F27DC03-C3C5-457E-8F0D-915EBB83F2BE}.Debug|Any CPU.ActiveCfg = Debug|Any CPU
		{9F27DC03-C3C5-457E-8F0D-915EBB83F2BE}.Debug|Any CPU.Build.0 = Debug|Any CPU
		{9F27DC03-C3C5-457E-8F0D-915EBB83F2BE}.Release|Any CPU.ActiveCfg = Release|Any CPU
		{9F27DC03-C3C5-457E-8F0D-915EBB83F2BE}.Release|Any CPU.Build.0 = Release|Any CPU
	EndGlobalSection
	GlobalSection(SolutionProperties) = preSolution
		HideSolutionNode = FALSE
	EndGlobalSection
	GlobalSection(NestedProjects) = preSolution
		{59B502B2-88B2-4CB3-861B-3AD19849AD63} = {49024E1D-FC84-4287-9C93-404D558A35C0}
		{E4ABC9EB-07D8-4775-9839-375B7464091A} = {35A1FFE5-A393-4370-9A30-8F9B132F56C7}
		{6D79B11D-E180-4060-9E57-64687A77AD8A} = {4ED3CEA8-C0E4-431E-8518-DF4E22CED653}
		{37BF20AF-CD75-40FA-9EF5-FFDF6C1F5C53} = {22D831D6-5365-4758-8E5C-83C95A1E6E4E}
		{9F27DC03-C3C5-457E-8F0D-915EBB83F2BE} = {50B60E0B-721C-4AA1-9870-6F1FE16DF25E}
	EndGlobalSection
	GlobalSection(ExtensibilityGlobals) = postSolution
		SolutionGuid = {80DC0B98-93AE-44BC-92AA-582193E4DCFB}
	EndGlobalSection
EndGlobal
